github.com/Masterminds/semver/v3 v3.0.3 h1:znjIyLfpXEDQjOIEWh+ehwpTU14UzUPub3c3sm36u14=
github.com/Masterminds/semver/v3 v3.0.3/go.mod h1:VPu/7SZ7ePZ3QOrcuXROw5FAcLl4a0cBrbBpGY/8hQs=
github.com/asaskevich/govalidator v0.0.0-20190424111038-f61b66f89f4a/go.mod h1:lB+ZfQJz7igIIfQNfa7Ml4HSf2uFQQRzpGGRXenZAgY=
github.com/cheebo/gorest v1.0.0 h1:BYZtCRoDtq8Y3NPOLCclHRCxzFaTFVv5cSXyU5Uxxkg=
github.com/cheebo/gorest v1.0.0/go.mod h1:ed94WkU/RM2lpyi+8dVxCPFCE/hK5mfv5hkAFh352+Y=
github.com/davecgh/go-spew v1.1.0/go.mod h1:J7Y8YcW2NihsgmVo/mv3lAwl/skON4iLHjSsI+c5H38=
github.com/davecgh/go-spew v1.1.1/go.mod h1:J7Y8YcW2NihsgmVo/mv3lAwl/skON4iLHjSsI+c5H38=
github.com/dgrijalva/jwt-go v3.2.0+incompatible h1:7qlOGliEKZXTDg6OTjfoBKDXWrumCAMpl/TFQ4/5kLM=
github.com/dgrijalva/jwt-go v3.2.0+incompatible/go.mod h1:E3ru+11k8xSBh+hMPgOLZmtrrCbhqsmaPHjLKYnJCaQ=
github.com/go-ozzo/ozzo-validation v3.5.0+incompatible/go.mod h1:gsEKFIVnabGBt6mXmxK0MoFy+cZoTJY6mu5Ll3LVLBU=
github.com/golang/mock v1.3.1/go.mod h1:sBzyDLLjw3U8JLTeZvSv8jJB+tU5PVekmnlKIyFUx0Y=
github.com/gorilla/mux v1.7.2/go.mod h1:1lud6UwP+6orDFRuTfBEV8e9/aOM/c4fVVCaMa2zaAs=
github.com/hashicorp/go-version v1.2.0 h1:3vNe/fWF5CBgRIguda1meWhsZHy3m8gCJ5wx+dIzX/E=
github.com/hashicorp/go-version v1.2.0/go.mod h1:fltr4n8CU8Ke44wwGCBoEymUuxUHl09ZGVZPK5anwXA=
github.com/nori-io/nori-common v1.0.0-rc1/go.mod h1:OhwkUGGfxuZCuuxHgBq8I5VA9BeBCRGZnuS45JweUvk=
github.com/nori-io/nori-common v1.0.1 h1:tcs+U35ZZz7vOfIc7RW4RuUVdDruKcOTfRZapIEfGRc=
github.com/nori-io/nori-common v1.0.1/go.mod h1:OhwkUGGfxuZCuuxHgBq8I5VA9BeBCRGZnuS45JweUvk=
github.com/nori-io/nori-common v1.1.0/go.mod h1:HgfkHG1EDKKQBjYhGfJiEN/O5h09e8gWdTja0IBhnzc=
github.com/nori-io/nori-common/v2 v2.0.2-0.20200524054818-63071143b833 h1:3fPHQZU/NjnReJEhkgWPop+Fx3rIaMh4lUhdaKpyfRI=
github.com/nori-io/nori-common/v2 v2.0.2-0.20200524054818-63071143b833/go.mod h1:jWTMxAOvfrSYpyXA8oqXXvidKHIp2kVBDQY9QijtNhE=
github.com/nori-io/nori-interfaces v1.0.0 h1:C8TlrgUUGVlFv7tQaLBNAepJKBMlWFcqicqK/xAat+g=
github.com/nori-io/nori-interfaces v1.0.0/go.mod h1:ILGPeoUDnR5K+tSi8Icg+3pLnxXtF8k7y7hntRVBfaU=
github.com/nori-io/nori-interfaces v1.0.1/go.mod h1:OtUnww3NNkLlFynXXv8kBMtgRsZ60c8Mr+fQQ1Ti18o=
github.com/pmezard/go-difflib v1.0.0/go.mod h1:iKH77koFhYxTK1pcRnkKkqfTogsbg7gZNVY4sRDYZ/4=
github.com/stretchr/objx v0.1.0/go.mod h1:HFkY916IF+rwdDfMAkV7OtwuqBVzrE8GR6GFx+wExME=
github.com/stretchr/objx v0.2.0/go.mod h1:qt09Ya8vawLte6SNmTgCsAVtYtaKzEcn8ATUoHMkEqE=
github.com/stretchr/testify v1.3.0/go.mod h1:M5WIy9Dh21IEIfnGCwXGc5bZfKNJtfHm1UVUgZn+9EI=
golang.org/x/crypto v0.0.0-20190308221718-c2843e01d9a2/go.mod h1:djNgcEr1/C05ACkg1iLfiJU5Ep61QUkGW8qpdssI0+w=
golang.org/x/net v0.0.0-20190311183353-d8887717615a/go.mod h1:t9HGtf8HONx5eT2rtn7q6eTqICYqUVnKs3thJo3Qplg=
golang.org/x/sync v0.0.0-20190423024810-112230192c58/go.mod h1:RxMgew5VJxzue5/jJTE5uejpjVlOe/izrB70Jof72aM=
golang.org/x/sys v0.0.0-20190215142949-d0b11bdaac8a/go.mod h1:STP8DvDyc/dI5b8T5hshtkjS+E42TnysNCUPdjciGhY=
golang.org/x/text v0.3.0/go.mod h1:NqM8EUOU14njkJ3fqMW+pc6Ldnwhi/IjpwHt7yyuwOQ=
golang.org/x/tools v0.0.0-20190425150028-36563e24a262/go.mod h1:RgjU9mgBXZiqYHBnxXauZ1Gv1EHHAz9KjViQ78xBX0Q=
